// !$*UTF8*$!
{
	archiveVersion = 1;
	classes = {
	};
	objectVersion = 56;
	objects = {

/* Begin PBXBuildFile section */
		7897E2FF29A5F00700A8F1B5 /* SwiftUIWeatherSampleApp.swift in Sources */ = {isa = PBXBuildFile; fileRef = 7897E2FE29A5F00700A8F1B5 /* SwiftUIWeatherSampleApp.swift */; };
		7897E30329A5F00900A8F1B5 /* Assets.xcassets in Resources */ = {isa = PBXBuildFile; fileRef = 7897E30229A5F00900A8F1B5 /* Assets.xcassets */; };
		7897E30629A5F00900A8F1B5 /* Preview Assets.xcassets in Resources */ = {isa = PBXBuildFile; fileRef = 7897E30529A5F00900A8F1B5 /* Preview Assets.xcassets */; };
		7897E31129A5F55A00A8F1B5 /* MainView.swift in Sources */ = {isa = PBXBuildFile; fileRef = 7897E31029A5F55A00A8F1B5 /* MainView.swift */; };
		7897E31329A5FB4F00A8F1B5 /* CurrentWeather.swift in Sources */ = {isa = PBXBuildFile; fileRef = 7897E31229A5FB4F00A8F1B5 /* CurrentWeather.swift */; };
		7897E31529A5FC3400A8F1B5 /* Double+TemperatureString.swift in Sources */ = {isa = PBXBuildFile; fileRef = 7897E31429A5FC3400A8F1B5 /* Double+TemperatureString.swift */; };
		7897E31729A5FD4000A8F1B5 /* Forecast.swift in Sources */ = {isa = PBXBuildFile; fileRef = 7897E31629A5FD4000A8F1B5 /* Forecast.swift */; };
		7897E31929A84C6A00A8F1B5 /* BackgroundView.swift in Sources */ = {isa = PBXBuildFile; fileRef = 7897E31829A84C6A00A8F1B5 /* BackgroundView.swift */; };
		7897E31B29A84CEF00A8F1B5 /* WeatherContentView.swift in Sources */ = {isa = PBXBuildFile; fileRef = 7897E31A29A84CEF00A8F1B5 /* WeatherContentView.swift */; };
		7897E31D29A84D5600A8F1B5 /* CurrentWeatherView.swift in Sources */ = {isa = PBXBuildFile; fileRef = 7897E31C29A84D5600A8F1B5 /* CurrentWeatherView.swift */; };
		7897E31F29A84D9F00A8F1B5 /* ForecastView.swift in Sources */ = {isa = PBXBuildFile; fileRef = 7897E31E29A84D9F00A8F1B5 /* ForecastView.swift */; };
		7897E32129A8842E00A8F1B5 /* WeatherService.swift in Sources */ = {isa = PBXBuildFile; fileRef = 7897E32029A8842E00A8F1B5 /* WeatherService.swift */; };
		7897E32329A8853500A8F1B5 /* WeatherService+Location.swift in Sources */ = {isa = PBXBuildFile; fileRef = 7897E32229A8853500A8F1B5 /* WeatherService+Location.swift */; };
		7897E32629A8A6E500A8F1B5 /* String+WeatherSymbol.swift in Sources */ = {isa = PBXBuildFile; fileRef = 7897E32529A8A6E500A8F1B5 /* String+WeatherSymbol.swift */; };
		7897E32929A8AA6600A8F1B5 /* CodableCurrentWeather.swift in Sources */ = {isa = PBXBuildFile; fileRef = 7897E32829A8AA6600A8F1B5 /* CodableCurrentWeather.swift */; };
		7897E32B29A8AB9C00A8F1B5 /* WeatherService+Api.swift in Sources */ = {isa = PBXBuildFile; fileRef = 7897E32A29A8AB9C00A8F1B5 /* WeatherService+Api.swift */; };
		7897E32D29A8B24300A8F1B5 /* ApiError.swift in Sources */ = {isa = PBXBuildFile; fileRef = 7897E32C29A8B24300A8F1B5 /* ApiError.swift */; };
		7897E32F29AC3BD100A8F1B5 /* CodableForecast.swift in Sources */ = {isa = PBXBuildFile; fileRef = 7897E32E29AC3BD100A8F1B5 /* CodableForecast.swift */; };
		7897E33129AC7D3300A8F1B5 /* ErrorView.swift in Sources */ = {isa = PBXBuildFile; fileRef = 7897E33029AC7D3300A8F1B5 /* ErrorView.swift */; };
		7897E33929AC81D800A8F1B5 /* WidgetKit.framework in Frameworks */ = {isa = PBXBuildFile; fileRef = 7897E33829AC81D800A8F1B5 /* WidgetKit.framework */; };
		7897E33B29AC81D800A8F1B5 /* SwiftUI.framework in Frameworks */ = {isa = PBXBuildFile; fileRef = 7897E33A29AC81D800A8F1B5 /* SwiftUI.framework */; };
		7897E33E29AC81D800A8F1B5 /* SwifUIWeatherSampleWidgetBundle.swift in Sources */ = {isa = PBXBuildFile; fileRef = 7897E33D29AC81D800A8F1B5 /* SwifUIWeatherSampleWidgetBundle.swift */; };
		7897E34029AC81D800A8F1B5 /* SwifUIWeatherSampleWidget.swift in Sources */ = {isa = PBXBuildFile; fileRef = 7897E33F29AC81D800A8F1B5 /* SwifUIWeatherSampleWidget.swift */; };
		7897E34229AC81DA00A8F1B5 /* Assets.xcassets in Resources */ = {isa = PBXBuildFile; fileRef = 7897E34129AC81DA00A8F1B5 /* Assets.xcassets */; };
		7897E34629AC81DA00A8F1B5 /* SwifUIWeatherSampleWidgetExtension.appex in Embed Foundation Extensions */ = {isa = PBXBuildFile; fileRef = 7897E33629AC81D800A8F1B5 /* SwifUIWeatherSampleWidgetExtension.appex */; settings = {ATTRIBUTES = (RemoveHeadersOnCopy, ); }; };
		7897E34C29AC823400A8F1B5 /* WidgetData.swift in Sources */ = {isa = PBXBuildFile; fileRef = 7897E34B29AC823400A8F1B5 /* WidgetData.swift */; };
		7897E34D29AC823900A8F1B5 /* WidgetData.swift in Sources */ = {isa = PBXBuildFile; fileRef = 7897E34B29AC823400A8F1B5 /* WidgetData.swift */; };
		7897E34E29AC82AA00A8F1B5 /* Double+TemperatureString.swift in Sources */ = {isa = PBXBuildFile; fileRef = 7897E31429A5FC3400A8F1B5 /* Double+TemperatureString.swift */; };
		7897E34F29AC82AA00A8F1B5 /* String+WeatherSymbol.swift in Sources */ = {isa = PBXBuildFile; fileRef = 7897E32529A8A6E500A8F1B5 /* String+WeatherSymbol.swift */; };
		7897E35329AC832600A8F1B5 /* WeatherEntry.swift in Sources */ = {isa = PBXBuildFile; fileRef = 7897E35129AC831F00A8F1B5 /* WeatherEntry.swift */; };
		7897E35529AC838D00A8F1B5 /* Provider.swift in Sources */ = {isa = PBXBuildFile; fileRef = 7897E35429AC838D00A8F1B5 /* Provider.swift */; };
		7897E35829AC849C00A8F1B5 /* WeatherEntryView.swift in Sources */ = {isa = PBXBuildFile; fileRef = 7897E35729AC849C00A8F1B5 /* WeatherEntryView.swift */; };
/* End PBXBuildFile section */

/* Begin PBXContainerItemProxy section */
		7897E34429AC81DA00A8F1B5 /* PBXContainerItemProxy */ = {
			isa = PBXContainerItemProxy;
			containerPortal = 7897E2F329A5F00700A8F1B5 /* Project object */;
			proxyType = 1;
			remoteGlobalIDString = 7897E33529AC81D800A8F1B5;
			remoteInfo = SwifUIWeatherSampleWidgetExtension;
		};
/* End PBXContainerItemProxy section */

/* Begin PBXCopyFilesBuildPhase section */
		7897E34A29AC81DA00A8F1B5 /* Embed Foundation Extensions */ = {
			isa = PBXCopyFilesBuildPhase;
			buildActionMask = 2147483647;
			dstPath = "";
			dstSubfolderSpec = 13;
			files = (
				7897E34629AC81DA00A8F1B5 /* SwifUIWeatherSampleWidgetExtension.appex in Embed Foundation Extensions */,
			);
			name = "Embed Foundation Extensions";
			runOnlyForDeploymentPostprocessing = 0;
		};
/* End PBXCopyFilesBuildPhase section */

/* Begin PBXFileReference section */
		7897E2FB29A5F00700A8F1B5 /* SwiftUIWeatherSample.app */ = {isa = PBXFileReference; explicitFileType = wrapper.application; includeInIndex = 0; path = SwiftUIWeatherSample.app; sourceTree = BUILT_PRODUCTS_DIR; };
		7897E2FE29A5F00700A8F1B5 /* SwiftUIWeatherSampleApp.swift */ = {isa = PBXFileReference; lastKnownFileType = sourcecode.swift; path = SwiftUIWeatherSampleApp.swift; sourceTree = "<group>"; };
		7897E30229A5F00900A8F1B5 /* Assets.xcassets */ = {isa = PBXFileReference; lastKnownFileType = folder.assetcatalog; path = Assets.xcassets; sourceTree = "<group>"; };
		7897E30529A5F00900A8F1B5 /* Preview Assets.xcassets */ = {isa = PBXFileReference; lastKnownFileType = folder.assetcatalog; path = "Preview Assets.xcassets"; sourceTree = "<group>"; };
		7897E31029A5F55A00A8F1B5 /* MainView.swift */ = {isa = PBXFileReference; lastKnownFileType = sourcecode.swift; path = MainView.swift; sourceTree = "<group>"; };
		7897E31229A5FB4F00A8F1B5 /* CurrentWeather.swift */ = {isa = PBXFileReference; lastKnownFileType = sourcecode.swift; path = CurrentWeather.swift; sourceTree = "<group>"; };
		7897E31429A5FC3400A8F1B5 /* Double+TemperatureString.swift */ = {isa = PBXFileReference; lastKnownFileType = sourcecode.swift; path = "Double+TemperatureString.swift"; sourceTree = "<group>"; };
		7897E31629A5FD4000A8F1B5 /* Forecast.swift */ = {isa = PBXFileReference; lastKnownFileType = sourcecode.swift; path = Forecast.swift; sourceTree = "<group>"; };
		7897E31829A84C6A00A8F1B5 /* BackgroundView.swift */ = {isa = PBXFileReference; lastKnownFileType = sourcecode.swift; path = BackgroundView.swift; sourceTree = "<group>"; };
		7897E31A29A84CEF00A8F1B5 /* WeatherContentView.swift */ = {isa = PBXFileReference; lastKnownFileType = sourcecode.swift; path = WeatherContentView.swift; sourceTree = "<group>"; };
		7897E31C29A84D5600A8F1B5 /* CurrentWeatherView.swift */ = {isa = PBXFileReference; lastKnownFileType = sourcecode.swift; path = CurrentWeatherView.swift; sourceTree = "<group>"; };
		7897E31E29A84D9F00A8F1B5 /* ForecastView.swift */ = {isa = PBXFileReference; lastKnownFileType = sourcecode.swift; path = ForecastView.swift; sourceTree = "<group>"; };
		7897E32029A8842E00A8F1B5 /* WeatherService.swift */ = {isa = PBXFileReference; lastKnownFileType = sourcecode.swift; path = WeatherService.swift; sourceTree = "<group>"; };
		7897E32229A8853500A8F1B5 /* WeatherService+Location.swift */ = {isa = PBXFileReference; lastKnownFileType = sourcecode.swift; path = "WeatherService+Location.swift"; sourceTree = "<group>"; };
		7897E32429A88F4100A8F1B5 /* GangnamStation.gpx */ = {isa = PBXFileReference; lastKnownFileType = text.xml; path = GangnamStation.gpx; sourceTree = "<group>"; };
		7897E32529A8A6E500A8F1B5 /* String+WeatherSymbol.swift */ = {isa = PBXFileReference; lastKnownFileType = sourcecode.swift; path = "String+WeatherSymbol.swift"; sourceTree = "<group>"; };
		7897E32829A8AA6600A8F1B5 /* CodableCurrentWeather.swift */ = {isa = PBXFileReference; lastKnownFileType = sourcecode.swift; path = CodableCurrentWeather.swift; sourceTree = "<group>"; };
		7897E32A29A8AB9C00A8F1B5 /* WeatherService+Api.swift */ = {isa = PBXFileReference; lastKnownFileType = sourcecode.swift; path = "WeatherService+Api.swift"; sourceTree = "<group>"; };
		7897E32C29A8B24300A8F1B5 /* ApiError.swift */ = {isa = PBXFileReference; lastKnownFileType = sourcecode.swift; path = ApiError.swift; sourceTree = "<group>"; };
		7897E32E29AC3BD100A8F1B5 /* CodableForecast.swift */ = {isa = PBXFileReference; lastKnownFileType = sourcecode.swift; path = CodableForecast.swift; sourceTree = "<group>"; };
		7897E33029AC7D3300A8F1B5 /* ErrorView.swift */ = {isa = PBXFileReference; lastKnownFileType = sourcecode.swift; path = ErrorView.swift; sourceTree = "<group>"; };
		7897E33629AC81D800A8F1B5 /* SwifUIWeatherSampleWidgetExtension.appex */ = {isa = PBXFileReference; explicitFileType = "wrapper.app-extension"; includeInIndex = 0; path = SwifUIWeatherSampleWidgetExtension.appex; sourceTree = BUILT_PRODUCTS_DIR; };
		7897E33829AC81D800A8F1B5 /* WidgetKit.framework */ = {isa = PBXFileReference; lastKnownFileType = wrapper.framework; name = WidgetKit.framework; path = System/Library/Frameworks/WidgetKit.framework; sourceTree = SDKROOT; };
		7897E33A29AC81D800A8F1B5 /* SwiftUI.framework */ = {isa = PBXFileReference; lastKnownFileType = wrapper.framework; name = SwiftUI.framework; path = System/Library/Frameworks/SwiftUI.framework; sourceTree = SDKROOT; };
		7897E33D29AC81D800A8F1B5 /* SwifUIWeatherSampleWidgetBundle.swift */ = {isa = PBXFileReference; lastKnownFileType = sourcecode.swift; path = SwifUIWeatherSampleWidgetBundle.swift; sourceTree = "<group>"; };
		7897E33F29AC81D800A8F1B5 /* SwifUIWeatherSampleWidget.swift */ = {isa = PBXFileReference; lastKnownFileType = sourcecode.swift; path = SwifUIWeatherSampleWidget.swift; sourceTree = "<group>"; };
		7897E34129AC81DA00A8F1B5 /* Assets.xcassets */ = {isa = PBXFileReference; lastKnownFileType = folder.assetcatalog; path = Assets.xcassets; sourceTree = "<group>"; };
		7897E34329AC81DA00A8F1B5 /* Info.plist */ = {isa = PBXFileReference; lastKnownFileType = text.plist.xml; path = Info.plist; sourceTree = "<group>"; };
		7897E34B29AC823400A8F1B5 /* WidgetData.swift */ = {isa = PBXFileReference; lastKnownFileType = sourcecode.swift; path = WidgetData.swift; sourceTree = "<group>"; };
		7897E35129AC831F00A8F1B5 /* WeatherEntry.swift */ = {isa = PBXFileReference; lastKnownFileType = sourcecode.swift; path = WeatherEntry.swift; sourceTree = "<group>"; };
		7897E35429AC838D00A8F1B5 /* Provider.swift */ = {isa = PBXFileReference; lastKnownFileType = sourcecode.swift; path = Provider.swift; sourceTree = "<group>"; };
		7897E35729AC849C00A8F1B5 /* WeatherEntryView.swift */ = {isa = PBXFileReference; lastKnownFileType = sourcecode.swift; path = WeatherEntryView.swift; sourceTree = "<group>"; };
/* End PBXFileReference section */

/* Begin PBXFrameworksBuildPhase section */
		7897E2F829A5F00700A8F1B5 /* Frameworks */ = {
			isa = PBXFrameworksBuildPhase;
			buildActionMask = 2147483647;
			files = (
			);
			runOnlyForDeploymentPostprocessing = 0;
		};
		7897E33329AC81D800A8F1B5 /* Frameworks */ = {
			isa = PBXFrameworksBuildPhase;
			buildActionMask = 2147483647;
			files = (
				7897E33B29AC81D800A8F1B5 /* SwiftUI.framework in Frameworks */,
				7897E33929AC81D800A8F1B5 /* WidgetKit.framework in Frameworks */,
			);
			runOnlyForDeploymentPostprocessing = 0;
		};
/* End PBXFrameworksBuildPhase section */

/* Begin PBXGroup section */
		7897E2F229A5F00700A8F1B5 = {
			isa = PBXGroup;
			children = (
				7897E2FD29A5F00700A8F1B5 /* SwiftUIWeatherSample */,
				7897E33C29AC81D800A8F1B5 /* SwifUIWeatherSampleWidget */,
				7897E33729AC81D800A8F1B5 /* Frameworks */,
				7897E2FC29A5F00700A8F1B5 /* Products */,
			);
			sourceTree = "<group>";
		};
		7897E2FC29A5F00700A8F1B5 /* Products */ = {
			isa = PBXGroup;
			children = (
				7897E2FB29A5F00700A8F1B5 /* SwiftUIWeatherSample.app */,
				7897E33629AC81D800A8F1B5 /* SwifUIWeatherSampleWidgetExtension.appex */,
			);
			name = Products;
			sourceTree = "<group>";
		};
		7897E2FD29A5F00700A8F1B5 /* SwiftUIWeatherSample */ = {
			isa = PBXGroup;
			children = (
				7897E30F29A5F54100A8F1B5 /* View */,
				7897E30E29A5F53800A8F1B5 /* Extension */,
				7897E30D29A5F2BE00A8F1B5 /* Service */,
				7897E30C29A5F2B100A8F1B5 /* Model */,
				7897E2FE29A5F00700A8F1B5 /* SwiftUIWeatherSampleApp.swift */,
				7897E30229A5F00900A8F1B5 /* Assets.xcassets */,
				7897E32429A88F4100A8F1B5 /* GangnamStation.gpx */,
				7897E30429A5F00900A8F1B5 /* Preview Content */,
			);
			path = SwiftUIWeatherSample;
			sourceTree = "<group>";
		};
		7897E30429A5F00900A8F1B5 /* Preview Content */ = {
			isa = PBXGroup;
			children = (
				7897E30529A5F00900A8F1B5 /* Preview Assets.xcassets */,
			);
			path = "Preview Content";
			sourceTree = "<group>";
		};
		7897E30C29A5F2B100A8F1B5 /* Model */ = {
			isa = PBXGroup;
			children = (
				7897E31229A5FB4F00A8F1B5 /* CurrentWeather.swift */,
				7897E31629A5FD4000A8F1B5 /* Forecast.swift */,
			);
			path = Model;
			sourceTree = "<group>";
		};
		7897E30D29A5F2BE00A8F1B5 /* Service */ = {
			isa = PBXGroup;
			children = (
				7897E32729A8AA5600A8F1B5 /* Model */,
				7897E32029A8842E00A8F1B5 /* WeatherService.swift */,
				7897E32229A8853500A8F1B5 /* WeatherService+Location.swift */,
				7897E32A29A8AB9C00A8F1B5 /* WeatherService+Api.swift */,
			);
			path = Service;
			sourceTree = "<group>";
		};
		7897E30E29A5F53800A8F1B5 /* Extension */ = {
			isa = PBXGroup;
			children = (
				7897E31429A5FC3400A8F1B5 /* Double+TemperatureString.swift */,
				7897E32529A8A6E500A8F1B5 /* String+WeatherSymbol.swift */,
			);
			path = Extension;
			sourceTree = "<group>";
		};
		7897E30F29A5F54100A8F1B5 /* View */ = {
			isa = PBXGroup;
			children = (
				7897E31029A5F55A00A8F1B5 /* MainView.swift */,
				7897E31829A84C6A00A8F1B5 /* BackgroundView.swift */,
				7897E31A29A84CEF00A8F1B5 /* WeatherContentView.swift */,
				7897E31C29A84D5600A8F1B5 /* CurrentWeatherView.swift */,
				7897E31E29A84D9F00A8F1B5 /* ForecastView.swift */,
				7897E33029AC7D3300A8F1B5 /* ErrorView.swift */,
			);
			path = View;
			sourceTree = "<group>";
		};
		7897E32729A8AA5600A8F1B5 /* Model */ = {
			isa = PBXGroup;
			children = (
				7897E32829A8AA6600A8F1B5 /* CodableCurrentWeather.swift */,
				7897E32C29A8B24300A8F1B5 /* ApiError.swift */,
				7897E32E29AC3BD100A8F1B5 /* CodableForecast.swift */,
				7897E34B29AC823400A8F1B5 /* WidgetData.swift */,
			);
			path = Model;
			sourceTree = "<group>";
		};
		7897E33729AC81D800A8F1B5 /* Frameworks */ = {
			isa = PBXGroup;
			children = (
				7897E33829AC81D800A8F1B5 /* WidgetKit.framework */,
				7897E33A29AC81D800A8F1B5 /* SwiftUI.framework */,
			);
			name = Frameworks;
			sourceTree = "<group>";
		};
		7897E33C29AC81D800A8F1B5 /* SwifUIWeatherSampleWidget */ = {
			isa = PBXGroup;
			children = (
				7897E35629AC848100A8F1B5 /* View */,
				7897E35029AC830F00A8F1B5 /* Model */,
				7897E33D29AC81D800A8F1B5 /* SwifUIWeatherSampleWidgetBundle.swift */,
				7897E33F29AC81D800A8F1B5 /* SwifUIWeatherSampleWidget.swift */,
				7897E35429AC838D00A8F1B5 /* Provider.swift */,
				7897E34129AC81DA00A8F1B5 /* Assets.xcassets */,
				7897E34329AC81DA00A8F1B5 /* Info.plist */,
			);
			path = SwifUIWeatherSampleWidget;
			sourceTree = "<group>";
		};
		7897E35029AC830F00A8F1B5 /* Model */ = {
			isa = PBXGroup;
			children = (
				7897E35129AC831F00A8F1B5 /* WeatherEntry.swift */,
			);
			path = Model;
			sourceTree = "<group>";
		};
		7897E35629AC848100A8F1B5 /* View */ = {
			isa = PBXGroup;
			children = (
				7897E35729AC849C00A8F1B5 /* WeatherEntryView.swift */,
			);
			path = View;
			sourceTree = "<group>";
		};
/* End PBXGroup section */

/* Begin PBXNativeTarget section */
		7897E2FA29A5F00700A8F1B5 /* SwiftUIWeatherSample */ = {
			isa = PBXNativeTarget;
			buildConfigurationList = 7897E30929A5F00900A8F1B5 /* Build configuration list for PBXNativeTarget "SwiftUIWeatherSample" */;
			buildPhases = (
				7897E2F729A5F00700A8F1B5 /* Sources */,
				7897E2F829A5F00700A8F1B5 /* Frameworks */,
				7897E2F929A5F00700A8F1B5 /* Resources */,
				7897E34A29AC81DA00A8F1B5 /* Embed Foundation Extensions */,
			);
			buildRules = (
			);
			dependencies = (
				7897E34529AC81DA00A8F1B5 /* PBXTargetDependency */,
			);
			name = SwiftUIWeatherSample;
			productName = SwiftUIWeatherSample;
			productReference = 7897E2FB29A5F00700A8F1B5 /* SwiftUIWeatherSample.app */;
			productType = "com.apple.product-type.application";
		};
		7897E33529AC81D800A8F1B5 /* SwifUIWeatherSampleWidgetExtension */ = {
			isa = PBXNativeTarget;
			buildConfigurationList = 7897E34729AC81DA00A8F1B5 /* Build configuration list for PBXNativeTarget "SwifUIWeatherSampleWidgetExtension" */;
			buildPhases = (
				7897E33229AC81D800A8F1B5 /* Sources */,
				7897E33329AC81D800A8F1B5 /* Frameworks */,
				7897E33429AC81D800A8F1B5 /* Resources */,
			);
			buildRules = (
			);
			dependencies = (
			);
			name = SwifUIWeatherSampleWidgetExtension;
			productName = SwifUIWeatherSampleWidgetExtension;
			productReference = 7897E33629AC81D800A8F1B5 /* SwifUIWeatherSampleWidgetExtension.appex */;
			productType = "com.apple.product-type.app-extension";
		};
/* End PBXNativeTarget section */

/* Begin PBXProject section */
		7897E2F329A5F00700A8F1B5 /* Project object */ = {
			isa = PBXProject;
			attributes = {
				BuildIndependentTargetsInParallel = 1;
				LastSwiftUpdateCheck = 1410;
				LastUpgradeCheck = 1410;
				TargetAttributes = {
					7897E2FA29A5F00700A8F1B5 = {
						CreatedOnToolsVersion = 14.1;
					};
					7897E33529AC81D800A8F1B5 = {
						CreatedOnToolsVersion = 14.1;
					};
				};
			};
			buildConfigurationList = 7897E2F629A5F00700A8F1B5 /* Build configuration list for PBXProject "SwiftUIWeatherSample" */;
			compatibilityVersion = "Xcode 14.0";
			developmentRegion = en;
			hasScannedForEncodings = 0;
			knownRegions = (
				en,
				Base,
			);
			mainGroup = 7897E2F229A5F00700A8F1B5;
			productRefGroup = 7897E2FC29A5F00700A8F1B5 /* Products */;
			projectDirPath = "";
			projectRoot = "";
			targets = (
				7897E2FA29A5F00700A8F1B5 /* SwiftUIWeatherSample */,
				7897E33529AC81D800A8F1B5 /* SwifUIWeatherSampleWidgetExtension */,
			);
		};
/* End PBXProject section */

/* Begin PBXResourcesBuildPhase section */
		7897E2F929A5F00700A8F1B5 /* Resources */ = {
			isa = PBXResourcesBuildPhase;
			buildActionMask = 2147483647;
			files = (
				7897E30629A5F00900A8F1B5 /* Preview Assets.xcassets in Resources */,
				7897E30329A5F00900A8F1B5 /* Assets.xcassets in Resources */,
			);
			runOnlyForDeploymentPostprocessing = 0;
		};
		7897E33429AC81D800A8F1B5 /* Resources */ = {
			isa = PBXResourcesBuildPhase;
			buildActionMask = 2147483647;
			files = (
				7897E34229AC81DA00A8F1B5 /* Assets.xcassets in Resources */,
			);
			runOnlyForDeploymentPostprocessing = 0;
		};
/* End PBXResourcesBuildPhase section */

/* Begin PBXSourcesBuildPhase section */
		7897E2F729A5F00700A8F1B5 /* Sources */ = {
			isa = PBXSourcesBuildPhase;
			buildActionMask = 2147483647;
			files = (
				7897E32129A8842E00A8F1B5 /* WeatherService.swift in Sources */,
				7897E34C29AC823400A8F1B5 /* WidgetData.swift in Sources */,
				7897E32F29AC3BD100A8F1B5 /* CodableForecast.swift in Sources */,
				7897E32929A8AA6600A8F1B5 /* CodableCurrentWeather.swift in Sources */,
				7897E32629A8A6E500A8F1B5 /* String+WeatherSymbol.swift in Sources */,
				7897E33129AC7D3300A8F1B5 /* ErrorView.swift in Sources */,
				7897E31B29A84CEF00A8F1B5 /* WeatherContentView.swift in Sources */,
				7897E31D29A84D5600A8F1B5 /* CurrentWeatherView.swift in Sources */,
				7897E31929A84C6A00A8F1B5 /* BackgroundView.swift in Sources */,
				7897E31529A5FC3400A8F1B5 /* Double+TemperatureString.swift in Sources */,
				7897E2FF29A5F00700A8F1B5 /* SwiftUIWeatherSampleApp.swift in Sources */,
				7897E32D29A8B24300A8F1B5 /* ApiError.swift in Sources */,
				7897E31F29A84D9F00A8F1B5 /* ForecastView.swift in Sources */,
				7897E32329A8853500A8F1B5 /* WeatherService+Location.swift in Sources */,
				7897E31329A5FB4F00A8F1B5 /* CurrentWeather.swift in Sources */,
				7897E32B29A8AB9C00A8F1B5 /* WeatherService+Api.swift in Sources */,
				7897E31129A5F55A00A8F1B5 /* MainView.swift in Sources */,
				7897E31729A5FD4000A8F1B5 /* Forecast.swift in Sources */,
			);
			runOnlyForDeploymentPostprocessing = 0;
		};
		7897E33229AC81D800A8F1B5 /* Sources */ = {
			isa = PBXSourcesBuildPhase;
			buildActionMask = 2147483647;
			files = (
				7897E34E29AC82AA00A8F1B5 /* Double+TemperatureString.swift in Sources */,
				7897E33E29AC81D800A8F1B5 /* SwifUIWeatherSampleWidgetBundle.swift in Sources */,
				7897E35529AC838D00A8F1B5 /* Provider.swift in Sources */,
				7897E34F29AC82AA00A8F1B5 /* String+WeatherSymbol.swift in Sources */,
				7897E34D29AC823900A8F1B5 /* WidgetData.swift in Sources */,
				7897E34029AC81D800A8F1B5 /* SwifUIWeatherSampleWidget.swift in Sources */,
				7897E35829AC849C00A8F1B5 /* WeatherEntryView.swift in Sources */,
				7897E35329AC832600A8F1B5 /* WeatherEntry.swift in Sources */,
			);
			runOnlyForDeploymentPostprocessing = 0;
		};
/* End PBXSourcesBuildPhase section */

/* Begin PBXTargetDependency section */
		7897E34529AC81DA00A8F1B5 /* PBXTargetDependency */ = {
			isa = PBXTargetDependency;
			target = 7897E33529AC81D800A8F1B5 /* SwifUIWeatherSampleWidgetExtension */;
			targetProxy = 7897E34429AC81DA00A8F1B5 /* PBXContainerItemProxy */;
		};
/* End PBXTargetDependency section */

/* Begin XCBuildConfiguration section */
		7897E30729A5F00900A8F1B5 /* Debug */ = {
			isa = XCBuildConfiguration;
			buildSettings = {
				ALWAYS_SEARCH_USER_PATHS = NO;
				CLANG_ANALYZER_NONNULL = YES;
				CLANG_ANALYZER_NUMBER_OBJECT_CONVERSION = YES_AGGRESSIVE;
				CLANG_CXX_LANGUAGE_STANDARD = "gnu++20";
				CLANG_ENABLE_MODULES = YES;
				CLANG_ENABLE_OBJC_ARC = YES;
				CLANG_ENABLE_OBJC_WEAK = YES;
				CLANG_WARN_BLOCK_CAPTURE_AUTORELEASING = YES;
				CLANG_WARN_BOOL_CONVERSION = YES;
				CLANG_WARN_COMMA = YES;
				CLANG_WARN_CONSTANT_CONVERSION = YES;
				CLANG_WARN_DEPRECATED_OBJC_IMPLEMENTATIONS = YES;
				CLANG_WARN_DIRECT_OBJC_ISA_USAGE = YES_ERROR;
				CLANG_WARN_DOCUMENTATION_COMMENTS = YES;
				CLANG_WARN_EMPTY_BODY = YES;
				CLANG_WARN_ENUM_CONVERSION = YES;
				CLANG_WARN_INFINITE_RECURSION = YES;
				CLANG_WARN_INT_CONVERSION = YES;
				CLANG_WARN_NON_LITERAL_NULL_CONVERSION = YES;
				CLANG_WARN_OBJC_IMPLICIT_RETAIN_SELF = YES;
				CLANG_WARN_OBJC_LITERAL_CONVERSION = YES;
				CLANG_WARN_OBJC_ROOT_CLASS = YES_ERROR;
				CLANG_WARN_QUOTED_INCLUDE_IN_FRAMEWORK_HEADER = YES;
				CLANG_WARN_RANGE_LOOP_ANALYSIS = YES;
				CLANG_WARN_STRICT_PROTOTYPES = YES;
				CLANG_WARN_SUSPICIOUS_MOVE = YES;
				CLANG_WARN_UNGUARDED_AVAILABILITY = YES_AGGRESSIVE;
				CLANG_WARN_UNREACHABLE_CODE = YES;
				CLANG_WARN__DUPLICATE_METHOD_MATCH = YES;
				COPY_PHASE_STRIP = NO;
				DEBUG_INFORMATION_FORMAT = dwarf;
				ENABLE_STRICT_OBJC_MSGSEND = YES;
				ENABLE_TESTABILITY = YES;
				GCC_C_LANGUAGE_STANDARD = gnu11;
				GCC_DYNAMIC_NO_PIC = NO;
				GCC_NO_COMMON_BLOCKS = YES;
				GCC_OPTIMIZATION_LEVEL = 0;
				GCC_PREPROCESSOR_DEFINITIONS = (
					"DEBUG=1",
					"$(inherited)",
				);
				GCC_WARN_64_TO_32_BIT_CONVERSION = YES;
				GCC_WARN_ABOUT_RETURN_TYPE = YES_ERROR;
				GCC_WARN_UNDECLARED_SELECTOR = YES;
				GCC_WARN_UNINITIALIZED_AUTOS = YES_AGGRESSIVE;
				GCC_WARN_UNUSED_FUNCTION = YES;
				GCC_WARN_UNUSED_VARIABLE = YES;
				IPHONEOS_DEPLOYMENT_TARGET = 16.1;
				MTL_ENABLE_DEBUG_INFO = INCLUDE_SOURCE;
				MTL_FAST_MATH = YES;
				ONLY_ACTIVE_ARCH = YES;
				SDKROOT = iphoneos;
				SWIFT_ACTIVE_COMPILATION_CONDITIONS = DEBUG;
				SWIFT_OPTIMIZATION_LEVEL = "-Onone";
			};
			name = Debug;
		};
		7897E30829A5F00900A8F1B5 /* Release */ = {
			isa = XCBuildConfiguration;
			buildSettings = {
				ALWAYS_SEARCH_USER_PATHS = NO;
				CLANG_ANALYZER_NONNULL = YES;
				CLANG_ANALYZER_NUMBER_OBJECT_CONVERSION = YES_AGGRESSIVE;
				CLANG_CXX_LANGUAGE_STANDARD = "gnu++20";
				CLANG_ENABLE_MODULES = YES;
				CLANG_ENABLE_OBJC_ARC = YES;
				CLANG_ENABLE_OBJC_WEAK = YES;
				CLANG_WARN_BLOCK_CAPTURE_AUTORELEASING = YES;
				CLANG_WARN_BOOL_CONVERSION = YES;
				CLANG_WARN_COMMA = YES;
				CLANG_WARN_CONSTANT_CONVERSION = YES;
				CLANG_WARN_DEPRECATED_OBJC_IMPLEMENTATIONS = YES;
				CLANG_WARN_DIRECT_OBJC_ISA_USAGE = YES_ERROR;
				CLANG_WARN_DOCUMENTATION_COMMENTS = YES;
				CLANG_WARN_EMPTY_BODY = YES;
				CLANG_WARN_ENUM_CONVERSION = YES;
				CLANG_WARN_INFINITE_RECURSION = YES;
				CLANG_WARN_INT_CONVERSION = YES;
				CLANG_WARN_NON_LITERAL_NULL_CONVERSION = YES;
				CLANG_WARN_OBJC_IMPLICIT_RETAIN_SELF = YES;
				CLANG_WARN_OBJC_LITERAL_CONVERSION = YES;
				CLANG_WARN_OBJC_ROOT_CLASS = YES_ERROR;
				CLANG_WARN_QUOTED_INCLUDE_IN_FRAMEWORK_HEADER = YES;
				CLANG_WARN_RANGE_LOOP_ANALYSIS = YES;
				CLANG_WARN_STRICT_PROTOTYPES = YES;
				CLANG_WARN_SUSPICIOUS_MOVE = YES;
				CLANG_WARN_UNGUARDED_AVAILABILITY = YES_AGGRESSIVE;
				CLANG_WARN_UNREACHABLE_CODE = YES;
				CLANG_WARN__DUPLICATE_METHOD_MATCH = YES;
				COPY_PHASE_STRIP = NO;
				DEBUG_INFORMATION_FORMAT = "dwarf-with-dsym";
				ENABLE_NS_ASSERTIONS = NO;
				ENABLE_STRICT_OBJC_MSGSEND = YES;
				GCC_C_LANGUAGE_STANDARD = gnu11;
				GCC_NO_COMMON_BLOCKS = YES;
				GCC_WARN_64_TO_32_BIT_CONVERSION = YES;
				GCC_WARN_ABOUT_RETURN_TYPE = YES_ERROR;
				GCC_WARN_UNDECLARED_SELECTOR = YES;
				GCC_WARN_UNINITIALIZED_AUTOS = YES_AGGRESSIVE;
				GCC_WARN_UNUSED_FUNCTION = YES;
				GCC_WARN_UNUSED_VARIABLE = YES;
				IPHONEOS_DEPLOYMENT_TARGET = 16.1;
				MTL_ENABLE_DEBUG_INFO = NO;
				MTL_FAST_MATH = YES;
				SDKROOT = iphoneos;
				SWIFT_COMPILATION_MODE = wholemodule;
				SWIFT_OPTIMIZATION_LEVEL = "-O";
				VALIDATE_PRODUCT = YES;
			};
			name = Release;
		};
		7897E30A29A5F00900A8F1B5 /* Debug */ = {
			isa = XCBuildConfiguration;
			buildSettings = {
				ALWAYS_EMBED_SWIFT_STANDARD_LIBRARIES = YES;
				ASSETCATALOG_COMPILER_APPICON_NAME = AppIcon;
				ASSETCATALOG_COMPILER_GLOBAL_ACCENT_COLOR_NAME = AccentColor;
				CODE_SIGN_STYLE = Automatic;
				CURRENT_PROJECT_VERSION = 1;
				DEVELOPMENT_ASSET_PATHS = "\"SwiftUIWeatherSample/Preview Content\"";
				DEVELOPMENT_TEAM = 7L3BA7B54Q;
				ENABLE_PREVIEWS = YES;
				GENERATE_INFOPLIST_FILE = YES;
				INFOPLIST_KEY_CFBundleDisplayName = "지민이날씨";
				INFOPLIST_KEY_NSLocationWhenInUseUsageDescription = "현재위치정보에서 날씨정보를 요청합니다.";
				INFOPLIST_KEY_UIApplicationSceneManifest_Generation = YES;
				INFOPLIST_KEY_UIApplicationSupportsIndirectInputEvents = YES;
				INFOPLIST_KEY_UILaunchScreen_Generation = YES;
				INFOPLIST_KEY_UISupportedInterfaceOrientations = UIInterfaceOrientationPortrait;
				INFOPLIST_KEY_UISupportedInterfaceOrientations_iPad = "UIInterfaceOrientationLandscapeLeft UIInterfaceOrientationLandscapeRight UIInterfaceOrientationPortrait UIInterfaceOrientationPortraitUpsideDown";
				IPHONEOS_DEPLOYMENT_TARGET = 15.0;
				LD_RUNPATH_SEARCH_PATHS = (
					"$(inherited)",
					"@executable_path/Frameworks",
				);
				MARKETING_VERSION = 1.0;
				PRODUCT_BUNDLE_IDENTIFIER = com.dy.SwiftUIWeatherSample;
				PRODUCT_NAME = "$(TARGET_NAME)";
				SUPPORTED_PLATFORMS = "iphoneos iphonesimulator";
				SUPPORTS_MACCATALYST = NO;
				SUPPORTS_MAC_DESIGNED_FOR_IPHONE_IPAD = NO;
				SWIFT_EMIT_LOC_STRINGS = YES;
				SWIFT_VERSION = 5.0;
				TARGETED_DEVICE_FAMILY = "1,2";
			};
			name = Debug;
		};
		7897E30B29A5F00900A8F1B5 /* Release */ = {
			isa = XCBuildConfiguration;
			buildSettings = {
				ALWAYS_EMBED_SWIFT_STANDARD_LIBRARIES = YES;
				ASSETCATALOG_COMPILER_APPICON_NAME = AppIcon;
				ASSETCATALOG_COMPILER_GLOBAL_ACCENT_COLOR_NAME = AccentColor;
				CODE_SIGN_STYLE = Automatic;
				CURRENT_PROJECT_VERSION = 1;
				DEVELOPMENT_ASSET_PATHS = "\"SwiftUIWeatherSample/Preview Content\"";
				DEVELOPMENT_TEAM = 7L3BA7B54Q;
				ENABLE_PREVIEWS = YES;
				GENERATE_INFOPLIST_FILE = YES;
				INFOPLIST_KEY_CFBundleDisplayName = "지민이날씨";
				INFOPLIST_KEY_NSLocationWhenInUseUsageDescription = "현재위치정보에서 날씨정보를 요청합니다.";
				INFOPLIST_KEY_UIApplicationSceneManifest_Generation = YES;
				INFOPLIST_KEY_UIApplicationSupportsIndirectInputEvents = YES;
				INFOPLIST_KEY_UILaunchScreen_Generation = YES;
				INFOPLIST_KEY_UISupportedInterfaceOrientations = UIInterfaceOrientationPortrait;
				INFOPLIST_KEY_UISupportedInterfaceOrientations_iPad = "UIInterfaceOrientationLandscapeLeft UIInterfaceOrientationLandscapeRight UIInterfaceOrientationPortrait UIInterfaceOrientationPortraitUpsideDown";
				IPHONEOS_DEPLOYMENT_TARGET = 15.0;
				LD_RUNPATH_SEARCH_PATHS = (
					"$(inherited)",
					"@executable_path/Frameworks",
				);
				MARKETING_VERSION = 1.0;
				PRODUCT_BUNDLE_IDENTIFIER = com.dy.SwiftUIWeatherSample;
				PRODUCT_NAME = "$(TARGET_NAME)";
				SUPPORTED_PLATFORMS = "iphoneos iphonesimulator";
				SUPPORTS_MACCATALYST = NO;
				SUPPORTS_MAC_DESIGNED_FOR_IPHONE_IPAD = NO;
				SWIFT_EMIT_LOC_STRINGS = YES;
				SWIFT_VERSION = 5.0;
				TARGETED_DEVICE_FAMILY = "1,2";
			};
			name = Release;
		};
		7897E34829AC81DA00A8F1B5 /* Debug */ = {
			isa = XCBuildConfiguration;
			buildSettings = {
				ASSETCATALOG_COMPILER_GLOBAL_ACCENT_COLOR_NAME = AccentColor;
				ASSETCATALOG_COMPILER_WIDGET_BACKGROUND_COLOR_NAME = WidgetBackground;
				CODE_SIGN_STYLE = Automatic;
				CURRENT_PROJECT_VERSION = 1;
				DEVELOPMENT_TEAM = 7L3BA7B54Q;
				GENERATE_INFOPLIST_FILE = YES;
				INFOPLIST_FILE = SwifUIWeatherSampleWidget/Info.plist;
				INFOPLIST_KEY_CFBundleDisplayName = SwifUIWeatherSampleWidget;
				INFOPLIST_KEY_NSHumanReadableCopyright = "";
				LD_RUNPATH_SEARCH_PATHS = (
					"$(inherited)",
					"@executable_path/Frameworks",
					"@executable_path/../../Frameworks",
				);
				MARKETING_VERSION = 1.0;
				PRODUCT_BUNDLE_IDENTIFIER = com.dy.SwiftUIWeatherSample.SwifUIWeatherSampleWidget;
				PRODUCT_NAME = "$(TARGET_NAME)";
				SKIP_INSTALL = YES;
				SWIFT_EMIT_LOC_STRINGS = YES;
				SWIFT_VERSION = 5.0;
				TARGETED_DEVICE_FAMILY = "1,2";
			};
			name = Debug;
		};
		7897E34929AC81DA00A8F1B5 /* Release */ = {
			isa = XCBuildConfiguration;
			buildSettings = {
				ASSETCATALOG_COMPILER_GLOBAL_ACCENT_COLOR_NAME = AccentColor;
				ASSETCATALOG_COMPILER_WIDGET_BACKGROUND_COLOR_NAME = WidgetBackground;
				CODE_SIGN_STYLE = Automatic;
				CURRENT_PROJECT_VERSION = 1;
				DEVELOPMENT_TEAM = 7L3BA7B54Q;
				GENERATE_INFOPLIST_FILE = YES;
				INFOPLIST_FILE = SwifUIWeatherSampleWidget/Info.plist;
				INFOPLIST_KEY_CFBundleDisplayName = SwifUIWeatherSampleWidget;
				INFOPLIST_KEY_NSHumanReadableCopyright = "";
				LD_RUNPATH_SEARCH_PATHS = (
					"$(inherited)",
					"@executable_path/Frameworks",
					"@executable_path/../../Frameworks",
				);
				MARKETING_VERSION = 1.0;
				PRODUCT_BUNDLE_IDENTIFIER = com.dy.SwiftUIWeatherSample.SwifUIWeatherSampleWidget;
				PRODUCT_NAME = "$(TARGET_NAME)";
				SKIP_INSTALL = YES;
				SWIFT_EMIT_LOC_STRINGS = YES;
				SWIFT_VERSION = 5.0;
				TARGETED_DEVICE_FAMILY = "1,2";
			};
			name = Release;
		};
/* End XCBuildConfiguration section */

/* Begin XCConfigurationList section */
		7897E2F629A5F00700A8F1B5 /* Build configuration list for PBXProject "SwiftUIWeatherSample" */ = {
			isa = XCConfigurationList;
			buildConfigurations = (
				7897E30729A5F00900A8F1B5 /* Debug */,
				7897E30829A5F00900A8F1B5 /* Release */,
			);
			defaultConfigurationIsVisible = 0;
			defaultConfigurationName = Release;
		};
		7897E30929A5F00900A8F1B5 /* Build configuration list for PBXNativeTarget "SwiftUIWeatherSample" */ = {
			isa = XCConfigurationList;
			buildConfigurations = (
				7897E30A29A5F00900A8F1B5 /* Debug */,
				7897E30B29A5F00900A8F1B5 /* Release */,
			);
			defaultConfigurationIsVisible = 0;
			defaultConfigurationName = Release;
		};
		7897E34729AC81DA00A8F1B5 /* Build configuration list for PBXNativeTarget "SwifUIWeatherSampleWidgetExtension" */ = {
			isa = XCConfigurationList;
			buildConfigurations = (
				7897E34829AC81DA00A8F1B5 /* Debug */,
				7897E34929AC81DA00A8F1B5 /* Release */,
			);
			defaultConfigurationIsVisible = 0;
			defaultConfigurationName = Release;
		};
/* End XCConfigurationList section */
	};
	rootObject = 7897E2F329A5F00700A8F1B5 /* Project object */;
}
